
Microsoft Visual Studio Solution File, Format Version 12.00
# Visual Studio 15
VisualStudioVersion = 15.0.28307.421
MinimumVisualStudioVersion = 10.0.40219.1
Project("{FAE04EC0-301F-11D3-BF4B-00C04F79EFBC}") = "PortalEmpleos", "PortalEmpleos\PortalEmpleos.csproj", "{6C027919-CBCD-43CA-9286-D9A2B7FCF0D2}"
EndProject
Project("{FAE04EC0-301F-11D3-BF4B-00C04F79EFBC}") = "PortalEmpleos.Tests", "PortalEmpleos.Tests\PortalEmpleos.Tests.csproj", "{371A48E2-7BC7-4D12-A48D-2456AC77BFF4}"
EndProject
Global
	GlobalSection(SolutionConfigurationPlatforms) = preSolution
		Debug|Any CPU = Debug|Any CPU
		Release|Any CPU = Release|Any CPU
	EndGlobalSection
	GlobalSection(ProjectConfigurationPlatforms) = postSolution
		{6C027919-CBCD-43CA-9286-D9A2B7FCF0D2}.Debug|Any CPU.ActiveCfg = Debug|Any CPU
		{6C027919-CBCD-43CA-9286-D9A2B7FCF0D2}.Debug|Any CPU.Build.0 = Debug|Any CPU
		{6C027919-CBCD-43CA-9286-D9A2B7FCF0D2}.Release|Any CPU.ActiveCfg = Release|Any CPU
		{6C027919-CBCD-43CA-9286-D9A2B7FCF0D2}.Release|Any CPU.Build.0 = Release|Any CPU
		{371A48E2-7BC7-4D12-A48D-2456AC77BFF4}.Debug|Any CPU.ActiveCfg = Debug|Any CPU
		{371A48E2-7BC7-4D12-A48D-2456AC77BFF4}.Debug|Any CPU.Build.0 = Debug|Any CPU
		{371A48E2-7BC7-4D12-A48D-2456AC77BFF4}.Release|Any CPU.ActiveCfg = Release|Any CPU
		{371A48E2-7BC7-4D12-A48D-2456AC77BFF4}.Release|Any CPU.Build.0 = Release|Any CPU
	EndGlobalSection
	GlobalSection(SolutionProperties) = preSolution
		HideSolutionNode = FALSE
	EndGlobalSection
	GlobalSection(ExtensibilityGlobals) = postSolution
		SolutionGuid = {551E3BE2-6722-48C2-945D-BA356314BD49}
	EndGlobalSection
EndGlobal
